Microsoft Visual Studio Solution File, Format Version 11.00
# Visual Studio 2008

Project("{BE8B2E7A-725C-0993-501A-C0ED7DBF3065}") = "ShintoMon.Unity.3D", "Assembly-CSharp-firstpass.csproj", "{2B232DE4-518D-277B-6B8C-C5972157DB1E}"
EndProject
Project("{BE8B2E7A-725C-0993-501A-C0ED7DBF3065}") = "ShintoMon.Unity.3D", "Assembly-CSharp.csproj", "{A4B12333-A63B-F487-67FC-D1C720EF48FE}"
EndProject
Project("{BE8B2E7A-725C-0993-501A-C0ED7DBF3065}") = "ShintoMon.Unity.3D", "Assembly-CSharp-Editor.csproj", "{EBACC45E-8F1A-0FD6-5BD3-5A16BF3FA8F2}"
EndProject
Global
	GlobalSection(SolutionConfigurationPlatforms) = preSolution
		Debug|Any CPU = Debug|Any CPU
		Release|Any CPU = Release|Any CPU
	EndGlobalSection
	GlobalSection(ProjectConfigurationPlatforms) = postSolution
		{2B232DE4-518D-277B-6B8C-C5972157DB1E}.Debug|Any CPU.ActiveCfg = Debug|Any CPU
		{2B232DE4-518D-277B-6B8C-C5972157DB1E}.Debug|Any CPU.Build.0 = Debug|Any CPU
		{2B232DE4-518D-277B-6B8C-C5972157DB1E}.Release|Any CPU.ActiveCfg = Release|Any CPU
		{2B232DE4-518D-277B-6B8C-C5972157DB1E}.Release|Any CPU.Build.0 = Release|Any CPU
		{A4B12333-A63B-F487-67FC-D1C720EF48FE}.Debug|Any CPU.ActiveCfg = Debug|Any CPU
		{A4B12333-A63B-F487-67FC-D1C720EF48FE}.Debug|Any CPU.Build.0 = Debug|Any CPU
		{A4B12333-A63B-F487-67FC-D1C720EF48FE}.Release|Any CPU.ActiveCfg = Release|Any CPU
		{A4B12333-A63B-F487-67FC-D1C720EF48FE}.Release|Any CPU.Build.0 = Release|Any CPU
		{EBACC45E-8F1A-0FD6-5BD3-5A16BF3FA8F2}.Debug|Any CPU.ActiveCfg = Debug|Any CPU
		{EBACC45E-8F1A-0FD6-5BD3-5A16BF3FA8F2}.Debug|Any CPU.Build.0 = Debug|Any CPU
		{EBACC45E-8F1A-0FD6-5BD3-5A16BF3FA8F2}.Release|Any CPU.ActiveCfg = Release|Any CPU
		{EBACC45E-8F1A-0FD6-5BD3-5A16BF3FA8F2}.Release|Any CPU.Build.0 = Release|Any CPU
	EndGlobalSection
	GlobalSection(SolutionProperties) = preSolution
		HideSolutionNode = FALSE
	EndGlobalSection
																																																																									GlobalSection(MonoDevelopProperties) = preSolution
		StartupItem = Assembly-CSharp.csproj
		Policies = $0
		$0.TextStylePolicy = $1
		$1.inheritsSet = null
		$1.scope = text/x-csharp
		$0.CSharpFormattingPolicy = $2
		$2.inheritsSet = Mono
		$2.inheritsScope = text/x-csharp
		$2.scope = text/x-csharp
		$0.TextStylePolicy = $3
		$3.FileWidth = 120
		$3.TabWidth = 4
		$3.IndentWidth = 4
		$3.EolMarker = Unix
		$3.inheritsSet = Mono
		$3.inheritsScope = text/plain
		$3.scope = text/plain
	EndGlobalSection

EndGlobal
